
Microsoft Visual Studio Solution File, Format Version 9.00
# Visual Studio 2005
Project("{FAE04EC0-301F-11D3-BF4B-00C04F79EFBC}") = "FizzBuzz.Console", "FizzBuzz.Console\FizzBuzz.Console.csproj", "{2FA8975C-9814-45B0-8C15-93F5CF88FFC5}"
	ProjectSection(WebsiteProperties) = preProject
		Debug.AspNetCompiler.Debug = "True"
		Release.AspNetCompiler.Debug = "False"
	EndProjectSection
EndProject
Project("{FAE04EC0-301F-11D3-BF4B-00C04F79EFBC}") = "FizzBuzz.Core", "FizzBuzz.Core\FizzBuzz.Core.csproj", "{2EF2483D-7043-4396-B0A6-0BC4FE6B297F}"
	ProjectSection(WebsiteProperties) = preProject
		Debug.AspNetCompiler.Debug = "True"
		Release.AspNetCompiler.Debug = "False"
	EndProjectSection
EndProject
Project("{FAE04EC0-301F-11D3-BF4B-00C04F79EFBC}") = "FizzBuzz.BusinessLogic", "FizzBuzz.BusinessLogic\FizzBuzz.BusinessLogic.csproj", "{63D8EC1C-A2CF-4A24-B22A-4D96EB33244A}"
	ProjectSection(WebsiteProperties) = preProject
		Debug.AspNetCompiler.Debug = "True"
		Release.AspNetCompiler.Debug = "False"
	EndProjectSection
EndProject
Project("{2150E333-8FDC-42A3-9474-1A3956D46DE8}") = "Solution Items", "Solution Items", "{8AD1711F-341C-4445-B646-2BDED0657B0C}"
	ProjectSection(WebsiteProperties) = preProject
		Debug.AspNetCompiler.Debug = "True"
		Release.AspNetCompiler.Debug = "False"
	EndProjectSection
	ProjectSection(SolutionItems) = preProject
		FizzBuzz.snk = FizzBuzz.snk
		SolutionInfo.cs = SolutionInfo.cs
	EndProjectSection
EndProject
Project("{2150E333-8FDC-42A3-9474-1A3956D46DE8}") = "FizzBuzz.Enterprise", "FizzBuzz.Enterprise", "{5D87701A-F14F-4AD7-9E10-E23078C6D50D}"
	ProjectSection(WebsiteProperties) = preProject
		Debug.AspNetCompiler.Debug = "True"
		Release.AspNetCompiler.Debug = "False"
	EndProjectSection
EndProject
Project("{2150E333-8FDC-42A3-9474-1A3956D46DE8}") = "FizzBuzz.Enterprise.Tests", "FizzBuzz.Enterprise.Tests", "{0B4E668E-5FEC-4509-8851-72BA8F2EF3AA}"
	ProjectSection(WebsiteProperties) = preProject
		Debug.AspNetCompiler.Debug = "True"
		Release.AspNetCompiler.Debug = "False"
	EndProjectSection
EndProject
Project("{FAE04EC0-301F-11D3-BF4B-00C04F79EFBC}") = "FizzBuzz.Core.Test", "FizzBuzz.Core.Test\FizzBuzz.Core.Test.csproj", "{1AC4AB93-086D-42BF-80BA-1AC6FA3ADF12}"
	ProjectSection(WebsiteProperties) = preProject
		Debug.AspNetCompiler.Debug = "True"
		Release.AspNetCompiler.Debug = "False"
	EndProjectSection
EndProject
Project("{FAE04EC0-301F-11D3-BF4B-00C04F79EFBC}") = "FizzBuzz.BusinessLogic.Tests", "FizzBuzz.BusinessLogic.Tests\FizzBuzz.BusinessLogic.Tests.csproj", "{76DC5332-9C5E-4DE8-B22D-FDD4E5206E98}"
	ProjectSection(WebsiteProperties) = preProject
		Debug.AspNetCompiler.Debug = "True"
		Release.AspNetCompiler.Debug = "False"
	EndProjectSection
EndProject
Global
	GlobalSection(TestCaseManagementSettings) = postSolution
		CategoryFile = FizzBuzz.Enterprise.vsmdi
	EndGlobalSection
	GlobalSection(SolutionConfigurationPlatforms) = preSolution
		Debug|Any CPU = Debug|Any CPU
		Release|Any CPU = Release|Any CPU
	EndGlobalSection
	GlobalSection(ProjectConfigurationPlatforms) = postSolution
		{2FA8975C-9814-45B0-8C15-93F5CF88FFC5}.Debug|Any CPU.ActiveCfg = Debug|Any CPU
		{2FA8975C-9814-45B0-8C15-93F5CF88FFC5}.Debug|Any CPU.Build.0 = Debug|Any CPU
		{2FA8975C-9814-45B0-8C15-93F5CF88FFC5}.Release|Any CPU.ActiveCfg = Release|Any CPU
		{2FA8975C-9814-45B0-8C15-93F5CF88FFC5}.Release|Any CPU.Build.0 = Release|Any CPU
		{2EF2483D-7043-4396-B0A6-0BC4FE6B297F}.Debug|Any CPU.ActiveCfg = Debug|Any CPU
		{2EF2483D-7043-4396-B0A6-0BC4FE6B297F}.Debug|Any CPU.Build.0 = Debug|Any CPU
		{2EF2483D-7043-4396-B0A6-0BC4FE6B297F}.Release|Any CPU.ActiveCfg = Release|Any CPU
		{2EF2483D-7043-4396-B0A6-0BC4FE6B297F}.Release|Any CPU.Build.0 = Release|Any CPU
		{63D8EC1C-A2CF-4A24-B22A-4D96EB33244A}.Debug|Any CPU.ActiveCfg = Debug|Any CPU
		{63D8EC1C-A2CF-4A24-B22A-4D96EB33244A}.Debug|Any CPU.Build.0 = Debug|Any CPU
		{63D8EC1C-A2CF-4A24-B22A-4D96EB33244A}.Release|Any CPU.ActiveCfg = Release|Any CPU
		{63D8EC1C-A2CF-4A24-B22A-4D96EB33244A}.Release|Any CPU.Build.0 = Release|Any CPU
		{1AC4AB93-086D-42BF-80BA-1AC6FA3ADF12}.Debug|Any CPU.ActiveCfg = Debug|Any CPU
		{1AC4AB93-086D-42BF-80BA-1AC6FA3ADF12}.Debug|Any CPU.Build.0 = Debug|Any CPU
		{1AC4AB93-086D-42BF-80BA-1AC6FA3ADF12}.Release|Any CPU.ActiveCfg = Release|Any CPU
		{1AC4AB93-086D-42BF-80BA-1AC6FA3ADF12}.Release|Any CPU.Build.0 = Release|Any CPU
		{76DC5332-9C5E-4DE8-B22D-FDD4E5206E98}.Debug|Any CPU.ActiveCfg = Debug|Any CPU
		{76DC5332-9C5E-4DE8-B22D-FDD4E5206E98}.Debug|Any CPU.Build.0 = Debug|Any CPU
		{76DC5332-9C5E-4DE8-B22D-FDD4E5206E98}.Release|Any CPU.ActiveCfg = Release|Any CPU
		{76DC5332-9C5E-4DE8-B22D-FDD4E5206E98}.Release|Any CPU.Build.0 = Release|Any CPU
	EndGlobalSection
	GlobalSection(SolutionProperties) = preSolution
		HideSolutionNode = FALSE
	EndGlobalSection
	GlobalSection(NestedProjects) = preSolution
		{2EF2483D-7043-4396-B0A6-0BC4FE6B297F} = {5D87701A-F14F-4AD7-9E10-E23078C6D50D}
		{63D8EC1C-A2CF-4A24-B22A-4D96EB33244A} = {5D87701A-F14F-4AD7-9E10-E23078C6D50D}
		{2FA8975C-9814-45B0-8C15-93F5CF88FFC5} = {5D87701A-F14F-4AD7-9E10-E23078C6D50D}
		{1AC4AB93-086D-42BF-80BA-1AC6FA3ADF12} = {0B4E668E-5FEC-4509-8851-72BA8F2EF3AA}
		{76DC5332-9C5E-4DE8-B22D-FDD4E5206E98} = {0B4E668E-5FEC-4509-8851-72BA8F2EF3AA}
	EndGlobalSection
EndGlobal
